<?xml version="1.0" encoding="utf-8"?>
<Project ToolsVersion="4.0" xmlns="http://schemas.microsoft.com/developer/msbuild/2003">
  <ItemGroup>
    <Filter Include="Source Files">
      <UniqueIdentifier>{4FC737F1-C7A5-4376-A066-2A32D752A2FF}</UniqueIdentifier>
      <Extensions>cpp;c;cc;cxx;def;odl;idl;hpj;bat;asm;asmx</Extensions>
    </Filter>
    <Filter Include="Header Files">
      <UniqueIdentifier>{93995380-89BD-4b04-88EB-625FBE52EBFB}</UniqueIdentifier>
      <Extensions>h;hh;hpp;hxx;hm;inl;inc;xsd</Extensions>
    </Filter>
    <Filter Include="Resource Files">
      <UniqueIdentifier>{67DA6AB6-F800-4c08-8B7A-83BB121AAD01}</UniqueIdentifier>
      <Extensions>rc;ico;cur;bmp;dlg;rc2;rct;bin;rgs;gif;jpg;jpeg;jpe;resx;tiff;tif;png;wav;mfcribbon-ms</Extensions>
    </Filter>
  </ItemGroup>
  <ItemGroup>
    <Text Include="ReadMe.txt" />
  </ItemGroup>
  <ItemGroup>
    <ClInclude Include="include\renderer\World.h">
      <Filter>Header Files</Filter>
    </ClInclude>
    <ClInclude Include="include\renderer\Ray.h">
      <Filter>Header Files</Filter>
    </ClInclude>
    <ClInclude Include="include\renderer\Vector.h">
      <Filter>Header Files</Filter>
    </ClInclude>
    <ClInclude Include="include\renderer\Point.h">
      <Filter>Header Files</Filter>
    </ClInclude>
    <ClInclude Include="include\prims\Object.h">
      <Filter>Header Files</Filter>
    </ClInclude>
    <ClInclude Include="include\prims\Sphere.h">
      <Filter>Header Files</Filter>
    </ClInclude>
    <ClInclude Include="include\prims\Plane.h">
      <Filter>Header Files</Filter>
    </ClInclude>
    <ClInclude Include="include\renderer\Camera.h">
      <Filter>Header Files</Filter>
    </ClInclude>
    <ClInclude Include="include\renderer\Matrix.h">
      <Filter>Header Files</Filter>
    </ClInclude>
    <ClInclude Include="extern\include\eigen\Cholesky\LDLT.h">
      <Filter>Header Files</Filter>
    </ClInclude>
    <ClInclude Include="extern\include\eigen\Cholesky\LLT.h">
      <Filter>Header Files</Filter>
    </ClInclude>
    <ClInclude Include="extern\include\eigen\Cholesky\LLT_LAPACKE.h">
      <Filter>Header Files</Filter>
    </ClInclude>
    <ClInclude Include="extern\include\eigen\CholmodSupport\CholmodSupport.h">
      <Filter>Header Files</Filter>
    </ClInclude>
    <ClInclude Include="extern\include\eigen\Core\arch\AltiVec\Complex.h">
      <Filter>Header Files</Filter>
    </ClInclude>
    <ClInclude Include="extern\include\eigen\Core\arch\AltiVec\MathFunctions.h">
      <Filter>Header Files</Filter>
    </ClInclude>
    <ClInclude Include="extern\include\eigen\Core\arch\AltiVec\PacketMath.h">
      <Filter>Header Files</Filter>
    </ClInclude>
    <ClInclude Include="extern\include\eigen\Core\arch\AVX\Complex.h">
      <Filter>Header Files</Filter>
    </ClInclude>
    <ClInclude Include="extern\include\eigen\Core\arch\AVX\MathFunctions.h">
      <Filter>Header Files</Filter>
    </ClInclude>
    <ClInclude Include="extern\include\eigen\Core\arch\AVX\PacketMath.h">
      <Filter>Header Files</Filter>
    </ClInclude>
    <ClInclude Include="extern\include\eigen\Core\arch\AVX\TypeCasting.h">
      <Filter>Header Files</Filter>
    </ClInclude>
    <ClInclude Include="extern\include\eigen\Core\arch\AVX512\MathFunctions.h">
      <Filter>Header Files</Filter>
    </ClInclude>
    <ClInclude Include="extern\include\eigen\Core\arch\AVX512\PacketMath.h">
      <Filter>Header Files</Filter>
    </ClInclude>
    <ClInclude Include="extern\include\eigen\Core\arch\CUDA\Complex.h">
      <Filter>Header Files</Filter>
    </ClInclude>
    <ClInclude Include="extern\include\eigen\Core\arch\CUDA\Half.h">
      <Filter>Header Files</Filter>
    </ClInclude>
    <ClInclude Include="extern\include\eigen\Core\arch\CUDA\MathFunctions.h">
      <Filter>Header Files</Filter>
    </ClInclude>
    <ClInclude Include="extern\include\eigen\Core\arch\CUDA\PacketMath.h">
      <Filter>Header Files</Filter>
    </ClInclude>
    <ClInclude Include="extern\include\eigen\Core\arch\CUDA\PacketMathHalf.h">
      <Filter>Header Files</Filter>
    </ClInclude>
    <ClInclude Include="extern\include\eigen\Core\arch\CUDA\TypeCasting.h">
      <Filter>Header Files</Filter>
    </ClInclude>
    <ClInclude Include="extern\include\eigen\Core\arch\Default\ConjHelper.h">
      <Filter>Header Files</Filter>
    </ClInclude>
    <ClInclude Include="extern\include\eigen\Core\arch\Default\Settings.h">
      <Filter>Header Files</Filter>
    </ClInclude>
    <ClInclude Include="extern\include\eigen\Core\arch\NEON\Complex.h">
      <Filter>Header Files</Filter>
    </ClInclude>
    <ClInclude Include="extern\include\eigen\Core\arch\NEON\MathFunctions.h">
      <Filter>Header Files</Filter>
    </ClInclude>
    <ClInclude Include="extern\include\eigen\Core\arch\NEON\PacketMath.h">
      <Filter>Header Files</Filter>
    </ClInclude>
    <ClInclude Include="extern\include\eigen\Core\arch\SSE\Complex.h">
      <Filter>Header Files</Filter>
    </ClInclude>
    <ClInclude Include="extern\include\eigen\Core\arch\SSE\MathFunctions.h">
      <Filter>Header Files</Filter>
    </ClInclude>
    <ClInclude Include="extern\include\eigen\Core\arch\SSE\PacketMath.h">
      <Filter>Header Files</Filter>
    </ClInclude>
    <ClInclude Include="extern\include\eigen\Core\arch\SSE\TypeCasting.h">
      <Filter>Header Files</Filter>
    </ClInclude>
    <ClInclude Include="extern\include\eigen\Core\arch\ZVector\Complex.h">
      <Filter>Header Files</Filter>
    </ClInclude>
    <ClInclude Include="extern\include\eigen\Core\arch\ZVector\MathFunctions.h">
      <Filter>Header Files</Filter>
    </ClInclude>
    <ClInclude Include="extern\include\eigen\Core\arch\ZVector\PacketMath.h">
      <Filter>Header Files</Filter>
    </ClInclude>
    <ClInclude Include="extern\include\eigen\Core\functors\AssignmentFunctors.h">
      <Filter>Header Files</Filter>
    </ClInclude>
    <ClInclude Include="extern\include\eigen\Core\functors\BinaryFunctors.h">
      <Filter>Header Files</Filter>
    </ClInclude>
    <ClInclude Include="extern\include\eigen\Core\functors\NullaryFunctors.h">
      <Filter>Header Files</Filter>
    </ClInclude>
    <ClInclude Include="extern\include\eigen\Core\functors\StlFunctors.h">
      <Filter>Header Files</Filter>
    </ClInclude>
    <ClInclude Include="extern\include\eigen\Core\functors\TernaryFunctors.h">
      <Filter>Header Files</Filter>
    </ClInclude>
    <ClInclude Include="extern\include\eigen\Core\functors\UnaryFunctors.h">
      <Filter>Header Files</Filter>
    </ClInclude>
    <ClInclude Include="extern\include\eigen\Core\products\GeneralBlockPanelKernel.h">
      <Filter>Header Files</Filter>
    </ClInclude>
    <ClInclude Include="extern\include\eigen\Core\products\GeneralMatrixMatrix.h">
      <Filter>Header Files</Filter>
    </ClInclude>
    <ClInclude Include="extern\include\eigen\Core\products\GeneralMatrixMatrix_BLAS.h">
      <Filter>Header Files</Filter>
    </ClInclude>
    <ClInclude Include="extern\include\eigen\Core\products\GeneralMatrixMatrixTriangular.h">
      <Filter>Header Files</Filter>
    </ClInclude>
    <ClInclude Include="extern\include\eigen\Core\products\GeneralMatrixMatrixTriangular_BLAS.h">
      <Filter>Header Files</Filter>
    </ClInclude>
    <ClInclude Include="extern\include\eigen\Core\products\GeneralMatrixVector.h">
      <Filter>Header Files</Filter>
    </ClInclude>
    <ClInclude Include="extern\include\eigen\Core\products\GeneralMatrixVector_BLAS.h">
      <Filter>Header Files</Filter>
    </ClInclude>
    <ClInclude Include="extern\include\eigen\Core\products\Parallelizer.h">
      <Filter>Header Files</Filter>
    </ClInclude>
    <ClInclude Include="extern\include\eigen\Core\products\SelfadjointMatrixMatrix.h">
      <Filter>Header Files</Filter>
    </ClInclude>
    <ClInclude Include="extern\include\eigen\Core\products\SelfadjointMatrixMatrix_BLAS.h">
      <Filter>Header Files</Filter>
    </ClInclude>
    <ClInclude Include="extern\include\eigen\Core\products\SelfadjointMatrixVector.h">
      <Filter>Header Files</Filter>
    </ClInclude>
    <ClInclude Include="extern\include\eigen\Core\products\SelfadjointMatrixVector_BLAS.h">
      <Filter>Header Files</Filter>
    </ClInclude>
    <ClInclude Include="extern\include\eigen\Core\products\SelfadjointProduct.h">
      <Filter>Header Files</Filter>
    </ClInclude>
    <ClInclude Include="extern\include\eigen\Core\products\SelfadjointRank2Update.h">
      <Filter>Header Files</Filter>
    </ClInclude>
    <ClInclude Include="extern\include\eigen\Core\products\TriangularMatrixMatrix.h">
      <Filter>Header Files</Filter>
    </ClInclude>
    <ClInclude Include="extern\include\eigen\Core\products\TriangularMatrixMatrix_BLAS.h">
      <Filter>Header Files</Filter>
    </ClInclude>
    <ClInclude Include="extern\include\eigen\Core\products\TriangularMatrixVector.h">
      <Filter>Header Files</Filter>
    </ClInclude>
    <ClInclude Include="extern\include\eigen\Core\products\TriangularMatrixVector_BLAS.h">
      <Filter>Header Files</Filter>
    </ClInclude>
    <ClInclude Include="extern\include\eigen\Core\products\TriangularSolverMatrix.h">
      <Filter>Header Files</Filter>
    </ClInclude>
    <ClInclude Include="extern\include\eigen\Core\products\TriangularSolverMatrix_BLAS.h">
      <Filter>Header Files</Filter>
    </ClInclude>
    <ClInclude Include="extern\include\eigen\Core\products\TriangularSolverVector.h">
      <Filter>Header Files</Filter>
    </ClInclude>
    <ClInclude Include="extern\include\eigen\Core\util\BlasUtil.h">
      <Filter>Header Files</Filter>
    </ClInclude>
    <ClInclude Include="extern\include\eigen\Core\util\Constants.h">
      <Filter>Header Files</Filter>
    </ClInclude>
    <ClInclude Include="extern\include\eigen\Core\util\DisableStupidWarnings.h">
      <Filter>Header Files</Filter>
    </ClInclude>
    <ClInclude Include="extern\include\eigen\Core\util\ForwardDeclarations.h">
      <Filter>Header Files</Filter>
    </ClInclude>
    <ClInclude Include="extern\include\eigen\Core\util\Macros.h">
      <Filter>Header Files</Filter>
    </ClInclude>
    <ClInclude Include="extern\include\eigen\Core\util\Memory.h">
      <Filter>Header Files</Filter>
    </ClInclude>
    <ClInclude Include="extern\include\eigen\Core\util\Meta.h">
      <Filter>Header Files</Filter>
    </ClInclude>
    <ClInclude Include="extern\include\eigen\Core\util\MKL_support.h">
      <Filter>Header Files</Filter>
    </ClInclude>
    <ClInclude Include="extern\include\eigen\Core\util\NonMPL2.h">
      <Filter>Header Files</Filter>
    </ClInclude>
    <ClInclude Include="extern\include\eigen\Core\util\ReenableStupidWarnings.h">
      <Filter>Header Files</Filter>
    </ClInclude>
    <ClInclude Include="extern\include\eigen\Core\util\StaticAssert.h">
      <Filter>Header Files</Filter>
    </ClInclude>
    <ClInclude Include="extern\include\eigen\Core\util\XprHelper.h">
      <Filter>Header Files</Filter>
    </ClInclude>
    <ClInclude Include="extern\include\eigen\Core\Array.h">
      <Filter>Header Files</Filter>
    </ClInclude>
    <ClInclude Include="extern\include\eigen\Core\ArrayBase.h">
      <Filter>Header Files</Filter>
    </ClInclude>
    <ClInclude Include="extern\include\eigen\Core\ArrayWrapper.h">
      <Filter>Header Files</Filter>
    </ClInclude>
    <ClInclude Include="extern\include\eigen\Core\Assign.h">
      <Filter>Header Files</Filter>
    </ClInclude>
    <ClInclude Include="extern\include\eigen\Core\Assign_MKL.h">
      <Filter>Header Files</Filter>
    </ClInclude>
    <ClInclude Include="extern\include\eigen\Core\AssignEvaluator.h">
      <Filter>Header Files</Filter>
    </ClInclude>
    <ClInclude Include="extern\include\eigen\Core\BandMatrix.h">
      <Filter>Header Files</Filter>
    </ClInclude>
    <ClInclude Include="extern\include\eigen\Core\Block.h">
      <Filter>Header Files</Filter>
    </ClInclude>
    <ClInclude Include="extern\include\eigen\Core\BooleanRedux.h">
      <Filter>Header Files</Filter>
    </ClInclude>
    <ClInclude Include="extern\include\eigen\Core\CommaInitializer.h">
      <Filter>Header Files</Filter>
    </ClInclude>
    <ClInclude Include="extern\include\eigen\Core\ConditionEstimator.h">
      <Filter>Header Files</Filter>
    </ClInclude>
    <ClInclude Include="extern\include\eigen\Core\CoreEvaluators.h">
      <Filter>Header Files</Filter>
    </ClInclude>
    <ClInclude Include="extern\include\eigen\Core\CoreIterators.h">
      <Filter>Header Files</Filter>
    </ClInclude>
    <ClInclude Include="extern\include\eigen\Core\CwiseBinaryOp.h">
      <Filter>Header Files</Filter>
    </ClInclude>
    <ClInclude Include="extern\include\eigen\Core\CwiseNullaryOp.h">
      <Filter>Header Files</Filter>
    </ClInclude>
    <ClInclude Include="extern\include\eigen\Core\CwiseTernaryOp.h">
      <Filter>Header Files</Filter>
    </ClInclude>
    <ClInclude Include="extern\include\eigen\Core\CwiseUnaryOp.h">
      <Filter>Header Files</Filter>
    </ClInclude>
    <ClInclude Include="extern\include\eigen\Core\CwiseUnaryView.h">
      <Filter>Header Files</Filter>
    </ClInclude>
    <ClInclude Include="extern\include\eigen\Core\DenseBase.h">
      <Filter>Header Files</Filter>
    </ClInclude>
    <ClInclude Include="extern\include\eigen\Core\DenseCoeffsBase.h">
      <Filter>Header Files</Filter>
    </ClInclude>
    <ClInclude Include="extern\include\eigen\Core\DenseStorage.h">
      <Filter>Header Files</Filter>
    </ClInclude>
    <ClInclude Include="extern\include\eigen\Core\Diagonal.h">
      <Filter>Header Files</Filter>
    </ClInclude>
    <ClInclude Include="extern\include\eigen\Core\DiagonalMatrix.h">
      <Filter>Header Files</Filter>
    </ClInclude>
    <ClInclude Include="extern\include\eigen\Core\DiagonalProduct.h">
      <Filter>Header Files</Filter>
    </ClInclude>
    <ClInclude Include="extern\include\eigen\Core\Dot.h">
      <Filter>Header Files</Filter>
    </ClInclude>
    <ClInclude Include="extern\include\eigen\Core\EigenBase.h">
      <Filter>Header Files</Filter>
    </ClInclude>
    <ClInclude Include="extern\include\eigen\Core\ForceAlignedAccess.h">
      <Filter>Header Files</Filter>
    </ClInclude>
    <ClInclude Include="extern\include\eigen\Core\Fuzzy.h">
      <Filter>Header Files</Filter>
    </ClInclude>
    <ClInclude Include="extern\include\eigen\Core\GeneralProduct.h">
      <Filter>Header Files</Filter>
    </ClInclude>
    <ClInclude Include="extern\include\eigen\Core\GenericPacketMath.h">
      <Filter>Header Files</Filter>
    </ClInclude>
    <ClInclude Include="extern\include\eigen\Core\GlobalFunctions.h">
      <Filter>Header Files</Filter>
    </ClInclude>
    <ClInclude Include="extern\include\eigen\Core\Inverse.h">
      <Filter>Header Files</Filter>
    </ClInclude>
    <ClInclude Include="extern\include\eigen\Core\IO.h">
      <Filter>Header Files</Filter>
    </ClInclude>
    <ClInclude Include="extern\include\eigen\Core\Map.h">
      <Filter>Header Files</Filter>
    </ClInclude>
    <ClInclude Include="extern\include\eigen\Core\MapBase.h">
      <Filter>Header Files</Filter>
    </ClInclude>
    <ClInclude Include="extern\include\eigen\Core\MathFunctions.h">
      <Filter>Header Files</Filter>
    </ClInclude>
    <ClInclude Include="extern\include\eigen\Core\MathFunctionsImpl.h">
      <Filter>Header Files</Filter>
    </ClInclude>
    <ClInclude Include="extern\include\eigen\Core\Matrix.h">
      <Filter>Header Files</Filter>
    </ClInclude>
    <ClInclude Include="extern\include\eigen\Core\MatrixBase.h">
      <Filter>Header Files</Filter>
    </ClInclude>
    <ClInclude Include="extern\include\eigen\Core\NestByValue.h">
      <Filter>Header Files</Filter>
    </ClInclude>
    <ClInclude Include="extern\include\eigen\Core\NoAlias.h">
      <Filter>Header Files</Filter>
    </ClInclude>
    <ClInclude Include="extern\include\eigen\Core\NumTraits.h">
      <Filter>Header Files</Filter>
    </ClInclude>
    <ClInclude Include="extern\include\eigen\Core\PermutationMatrix.h">
      <Filter>Header Files</Filter>
    </ClInclude>
    <ClInclude Include="extern\include\eigen\Core\PlainObjectBase.h">
      <Filter>Header Files</Filter>
    </ClInclude>
    <ClInclude Include="extern\include\eigen\Core\Product.h">
      <Filter>Header Files</Filter>
    </ClInclude>
    <ClInclude Include="extern\include\eigen\Core\ProductEvaluators.h">
      <Filter>Header Files</Filter>
    </ClInclude>
    <ClInclude Include="extern\include\eigen\Core\Random.h">
      <Filter>Header Files</Filter>
    </ClInclude>
    <ClInclude Include="extern\include\eigen\Core\Redux.h">
      <Filter>Header Files</Filter>
    </ClInclude>
    <ClInclude Include="extern\include\eigen\Core\Ref.h">
      <Filter>Header Files</Filter>
    </ClInclude>
    <ClInclude Include="extern\include\eigen\Core\Replicate.h">
      <Filter>Header Files</Filter>
    </ClInclude>
    <ClInclude Include="extern\include\eigen\Core\ReturnByValue.h">
      <Filter>Header Files</Filter>
    </ClInclude>
    <ClInclude Include="extern\include\eigen\Core\Reverse.h">
      <Filter>Header Files</Filter>
    </ClInclude>
    <ClInclude Include="extern\include\eigen\Core\Select.h">
      <Filter>Header Files</Filter>
    </ClInclude>
    <ClInclude Include="extern\include\eigen\Core\SelfAdjointView.h">
      <Filter>Header Files</Filter>
    </ClInclude>
    <ClInclude Include="extern\include\eigen\Core\SelfCwiseBinaryOp.h">
      <Filter>Header Files</Filter>
    </ClInclude>
    <ClInclude Include="extern\include\eigen\Core\Solve.h">
      <Filter>Header Files</Filter>
    </ClInclude>
    <ClInclude Include="extern\include\eigen\Core\SolverBase.h">
      <Filter>Header Files</Filter>
    </ClInclude>
    <ClInclude Include="extern\include\eigen\Core\SolveTriangular.h">
      <Filter>Header Files</Filter>
    </ClInclude>
    <ClInclude Include="extern\include\eigen\Core\StableNorm.h">
      <Filter>Header Files</Filter>
    </ClInclude>
    <ClInclude Include="extern\include\eigen\Core\Stride.h">
      <Filter>Header Files</Filter>
    </ClInclude>
    <ClInclude Include="extern\include\eigen\Core\Swap.h">
      <Filter>Header Files</Filter>
    </ClInclude>
    <ClInclude Include="extern\include\eigen\Core\Transpose.h">
      <Filter>Header Files</Filter>
    </ClInclude>
    <ClInclude Include="extern\include\eigen\Core\Transpositions.h">
      <Filter>Header Files</Filter>
    </ClInclude>
    <ClInclude Include="extern\include\eigen\Core\TriangularMatrix.h">
      <Filter>Header Files</Filter>
    </ClInclude>
    <ClInclude Include="extern\include\eigen\Core\VectorBlock.h">
      <Filter>Header Files</Filter>
    </ClInclude>
    <ClInclude Include="extern\include\eigen\Core\VectorwiseOp.h">
      <Filter>Header Files</Filter>
    </ClInclude>
    <ClInclude Include="extern\include\eigen\Core\Visitor.h">
      <Filter>Header Files</Filter>
    </ClInclude>
    <ClInclude Include="extern\include\eigen\Eigenvalues\ComplexEigenSolver.h">
      <Filter>Header Files</Filter>
    </ClInclude>
    <ClInclude Include="extern\include\eigen\Eigenvalues\ComplexSchur.h">
      <Filter>Header Files</Filter>
    </ClInclude>
    <ClInclude Include="extern\include\eigen\Eigenvalues\ComplexSchur_LAPACKE.h">
      <Filter>Header Files</Filter>
    </ClInclude>
    <ClInclude Include="extern\include\eigen\Eigenvalues\EigenSolver.h">
      <Filter>Header Files</Filter>
    </ClInclude>
    <ClInclude Include="extern\include\eigen\Eigenvalues\GeneralizedEigenSolver.h">
      <Filter>Header Files</Filter>
    </ClInclude>
    <ClInclude Include="extern\include\eigen\Eigenvalues\GeneralizedSelfAdjointEigenSolver.h">
      <Filter>Header Files</Filter>
    </ClInclude>
    <ClInclude Include="extern\include\eigen\Eigenvalues\HessenbergDecomposition.h">
      <Filter>Header Files</Filter>
    </ClInclude>
    <ClInclude Include="extern\include\eigen\Eigenvalues\MatrixBaseEigenvalues.h">
      <Filter>Header Files</Filter>
    </ClInclude>
    <ClInclude Include="extern\include\eigen\Eigenvalues\RealQZ.h">
      <Filter>Header Files</Filter>
    </ClInclude>
    <ClInclude Include="extern\include\eigen\Eigenvalues\RealSchur.h">
      <Filter>Header Files</Filter>
    </ClInclude>
    <ClInclude Include="extern\include\eigen\Eigenvalues\RealSchur_LAPACKE.h">
      <Filter>Header Files</Filter>
    </ClInclude>
    <ClInclude Include="extern\include\eigen\Eigenvalues\SelfAdjointEigenSolver.h">
      <Filter>Header Files</Filter>
    </ClInclude>
    <ClInclude Include="extern\include\eigen\Eigenvalues\SelfAdjointEigenSolver_LAPACKE.h">
      <Filter>Header Files</Filter>
    </ClInclude>
    <ClInclude Include="extern\include\eigen\Eigenvalues\Tridiagonalization.h">
      <Filter>Header Files</Filter>
    </ClInclude>
    <ClInclude Include="extern\include\eigen\Geometry\arch\Geometry_SSE.h">
      <Filter>Header Files</Filter>
    </ClInclude>
    <ClInclude Include="extern\include\eigen\Geometry\AlignedBox.h">
      <Filter>Header Files</Filter>
    </ClInclude>
    <ClInclude Include="extern\include\eigen\Geometry\AngleAxis.h">
      <Filter>Header Files</Filter>
    </ClInclude>
    <ClInclude Include="extern\include\eigen\Geometry\EulerAngles.h">
      <Filter>Header Files</Filter>
    </ClInclude>
    <ClInclude Include="extern\include\eigen\Geometry\Homogeneous.h">
      <Filter>Header Files</Filter>
    </ClInclude>
    <ClInclude Include="extern\include\eigen\Geometry\Hyperplane.h">
      <Filter>Header Files</Filter>
    </ClInclude>
    <ClInclude Include="extern\include\eigen\Geometry\OrthoMethods.h">
      <Filter>Header Files</Filter>
    </ClInclude>
    <ClInclude Include="extern\include\eigen\Geometry\ParametrizedLine.h">
      <Filter>Header Files</Filter>
    </ClInclude>
    <ClInclude Include="extern\include\eigen\Geometry\Quaternion.h">
      <Filter>Header Files</Filter>
    </ClInclude>
    <ClInclude Include="extern\include\eigen\Geometry\Rotation2D.h">
      <Filter>Header Files</Filter>
    </ClInclude>
    <ClInclude Include="extern\include\eigen\Geometry\RotationBase.h">
      <Filter>Header Files</Filter>
    </ClInclude>
    <ClInclude Include="extern\include\eigen\Geometry\Scaling.h">
      <Filter>Header Files</Filter>
    </ClInclude>
    <ClInclude Include="extern\include\eigen\Geometry\Transform.h">
      <Filter>Header Files</Filter>
    </ClInclude>
    <ClInclude Include="extern\include\eigen\Geometry\Translation.h">
      <Filter>Header Files</Filter>
    </ClInclude>
    <ClInclude Include="extern\include\eigen\Geometry\Umeyama.h">
      <Filter>Header Files</Filter>
    </ClInclude>
    <ClInclude Include="extern\include\eigen\Householder\BlockHouseholder.h">
      <Filter>Header Files</Filter>
    </ClInclude>
    <ClInclude Include="extern\include\eigen\Householder\Householder.h">
      <Filter>Header Files</Filter>
    </ClInclude>
    <ClInclude Include="extern\include\eigen\Householder\HouseholderSequence.h">
      <Filter>Header Files</Filter>
    </ClInclude>
    <ClInclude Include="extern\include\eigen\IterativeLinearSolvers\BasicPreconditioners.h">
      <Filter>Header Files</Filter>
    </ClInclude>
    <ClInclude Include="extern\include\eigen\IterativeLinearSolvers\BiCGSTAB.h">
      <Filter>Header Files</Filter>
    </ClInclude>
    <ClInclude Include="extern\include\eigen\IterativeLinearSolvers\ConjugateGradient.h">
      <Filter>Header Files</Filter>
    </ClInclude>
    <ClInclude Include="extern\include\eigen\IterativeLinearSolvers\IncompleteCholesky.h">
      <Filter>Header Files</Filter>
    </ClInclude>
    <ClInclude Include="extern\include\eigen\IterativeLinearSolvers\IncompleteLUT.h">
      <Filter>Header Files</Filter>
    </ClInclude>
    <ClInclude Include="extern\include\eigen\IterativeLinearSolvers\IterativeSolverBase.h">
      <Filter>Header Files</Filter>
    </ClInclude>
    <ClInclude Include="extern\include\eigen\IterativeLinearSolvers\LeastSquareConjugateGradient.h">
      <Filter>Header Files</Filter>
    </ClInclude>
    <ClInclude Include="extern\include\eigen\IterativeLinearSolvers\SolveWithGuess.h">
      <Filter>Header Files</Filter>
    </ClInclude>
    <ClInclude Include="extern\include\eigen\Jacobi\Jacobi.h">
      <Filter>Header Files</Filter>
    </ClInclude>
    <ClInclude Include="extern\include\eigen\LU\arch\Inverse_SSE.h">
      <Filter>Header Files</Filter>
    </ClInclude>
    <ClInclude Include="extern\include\eigen\LU\Determinant.h">
      <Filter>Header Files</Filter>
    </ClInclude>
    <ClInclude Include="extern\include\eigen\LU\FullPivLU.h">
      <Filter>Header Files</Filter>
    </ClInclude>
    <ClInclude Include="extern\include\eigen\LU\InverseImpl.h">
      <Filter>Header Files</Filter>
    </ClInclude>
    <ClInclude Include="extern\include\eigen\LU\PartialPivLU.h">
      <Filter>Header Files</Filter>
    </ClInclude>
    <ClInclude Include="extern\include\eigen\LU\PartialPivLU_LAPACKE.h">
      <Filter>Header Files</Filter>
    </ClInclude>
    <ClInclude Include="extern\include\eigen\MetisSupport\MetisSupport.h">
      <Filter>Header Files</Filter>
    </ClInclude>
    <ClInclude Include="extern\include\eigen\misc\blas.h">
      <Filter>Header Files</Filter>
    </ClInclude>
    <ClInclude Include="extern\include\eigen\misc\Image.h">
      <Filter>Header Files</Filter>
    </ClInclude>
    <ClInclude Include="extern\include\eigen\misc\Kernel.h">
      <Filter>Header Files</Filter>
    </ClInclude>
    <ClInclude Include="extern\include\eigen\misc\lapack.h">
      <Filter>Header Files</Filter>
    </ClInclude>
    <ClInclude Include="extern\include\eigen\misc\lapacke.h">
      <Filter>Header Files</Filter>
    </ClInclude>
    <ClInclude Include="extern\include\eigen\misc\lapacke_mangling.h">
      <Filter>Header Files</Filter>
    </ClInclude>
    <ClInclude Include="extern\include\eigen\misc\RealSvd2x2.h">
      <Filter>Header Files</Filter>
    </ClInclude>
    <ClInclude Include="extern\include\eigen\OrderingMethods\Amd.h">
      <Filter>Header Files</Filter>
    </ClInclude>
    <ClInclude Include="extern\include\eigen\OrderingMethods\Eigen_Colamd.h">
      <Filter>Header Files</Filter>
    </ClInclude>
    <ClInclude Include="extern\include\eigen\OrderingMethods\Ordering.h">
      <Filter>Header Files</Filter>
    </ClInclude>
    <ClInclude Include="extern\include\eigen\PardisoSupport\PardisoSupport.h">
      <Filter>Header Files</Filter>
    </ClInclude>
    <ClInclude Include="extern\include\eigen\PaStiXSupport\PaStiXSupport.h">
      <Filter>Header Files</Filter>
    </ClInclude>
    <ClInclude Include="extern\include\eigen\plugins\ArrayCwiseBinaryOps.h">
      <Filter>Header Files</Filter>
    </ClInclude>
    <ClInclude Include="extern\include\eigen\plugins\ArrayCwiseUnaryOps.h">
      <Filter>Header Files</Filter>
    </ClInclude>
    <ClInclude Include="extern\include\eigen\plugins\BlockMethods.h">
      <Filter>Header Files</Filter>
    </ClInclude>
    <ClInclude Include="extern\include\eigen\plugins\CommonCwiseBinaryOps.h">
      <Filter>Header Files</Filter>
    </ClInclude>
    <ClInclude Include="extern\include\eigen\plugins\CommonCwiseUnaryOps.h">
      <Filter>Header Files</Filter>
    </ClInclude>
    <ClInclude Include="extern\include\eigen\plugins\MatrixCwiseBinaryOps.h">
      <Filter>Header Files</Filter>
    </ClInclude>
    <ClInclude Include="extern\include\eigen\plugins\MatrixCwiseUnaryOps.h">
      <Filter>Header Files</Filter>
    </ClInclude>
    <ClInclude Include="extern\include\eigen\QR\ColPivHouseholderQR.h">
      <Filter>Header Files</Filter>
    </ClInclude>
    <ClInclude Include="extern\include\eigen\QR\ColPivHouseholderQR_LAPACKE.h">
      <Filter>Header Files</Filter>
    </ClInclude>
    <ClInclude Include="extern\include\eigen\QR\CompleteOrthogonalDecomposition.h">
      <Filter>Header Files</Filter>
    </ClInclude>
    <ClInclude Include="extern\include\eigen\QR\FullPivHouseholderQR.h">
      <Filter>Header Files</Filter>
    </ClInclude>
    <ClInclude Include="extern\include\eigen\QR\HouseholderQR.h">
      <Filter>Header Files</Filter>
    </ClInclude>
    <ClInclude Include="extern\include\eigen\QR\HouseholderQR_LAPACKE.h">
      <Filter>Header Files</Filter>
    </ClInclude>
    <ClInclude Include="extern\include\eigen\SparseCholesky\SimplicialCholesky.h">
      <Filter>Header Files</Filter>
    </ClInclude>
    <ClInclude Include="extern\include\eigen\SparseCholesky\SimplicialCholesky_impl.h">
      <Filter>Header Files</Filter>
    </ClInclude>
    <ClInclude Include="extern\include\eigen\SparseCore\AmbiVector.h">
      <Filter>Header Files</Filter>
    </ClInclude>
    <ClInclude Include="extern\include\eigen\SparseCore\CompressedStorage.h">
      <Filter>Header Files</Filter>
    </ClInclude>
    <ClInclude Include="extern\include\eigen\SparseCore\ConservativeSparseSparseProduct.h">
      <Filter>Header Files</Filter>
    </ClInclude>
    <ClInclude Include="extern\include\eigen\SparseCore\MappedSparseMatrix.h">
      <Filter>Header Files</Filter>
    </ClInclude>
    <ClInclude Include="extern\include\eigen\SparseCore\SparseAssign.h">
      <Filter>Header Files</Filter>
    </ClInclude>
    <ClInclude Include="extern\include\eigen\SparseCore\SparseBlock.h">
      <Filter>Header Files</Filter>
    </ClInclude>
    <ClInclude Include="extern\include\eigen\SparseCore\SparseColEtree.h">
      <Filter>Header Files</Filter>
    </ClInclude>
    <ClInclude Include="extern\include\eigen\SparseCore\SparseCompressedBase.h">
      <Filter>Header Files</Filter>
    </ClInclude>
    <ClInclude Include="extern\include\eigen\SparseCore\SparseCwiseBinaryOp.h">
      <Filter>Header Files</Filter>
    </ClInclude>
    <ClInclude Include="extern\include\eigen\SparseCore\SparseCwiseUnaryOp.h">
      <Filter>Header Files</Filter>
    </ClInclude>
    <ClInclude Include="extern\include\eigen\SparseCore\SparseDenseProduct.h">
      <Filter>Header Files</Filter>
    </ClInclude>
    <ClInclude Include="extern\include\eigen\SparseCore\SparseDiagonalProduct.h">
      <Filter>Header Files</Filter>
    </ClInclude>
    <ClInclude Include="extern\include\eigen\SparseCore\SparseDot.h">
      <Filter>Header Files</Filter>
    </ClInclude>
    <ClInclude Include="extern\include\eigen\SparseCore\SparseFuzzy.h">
      <Filter>Header Files</Filter>
    </ClInclude>
    <ClInclude Include="extern\include\eigen\SparseCore\SparseMap.h">
      <Filter>Header Files</Filter>
    </ClInclude>
    <ClInclude Include="extern\include\eigen\SparseCore\SparseMatrix.h">
      <Filter>Header Files</Filter>
    </ClInclude>
    <ClInclude Include="extern\include\eigen\SparseCore\SparseMatrixBase.h">
      <Filter>Header Files</Filter>
    </ClInclude>
    <ClInclude Include="extern\include\eigen\SparseCore\SparsePermutation.h">
      <Filter>Header Files</Filter>
    </ClInclude>
    <ClInclude Include="extern\include\eigen\SparseCore\SparseProduct.h">
      <Filter>Header Files</Filter>
    </ClInclude>
    <ClInclude Include="extern\include\eigen\SparseCore\SparseRedux.h">
      <Filter>Header Files</Filter>
    </ClInclude>
    <ClInclude Include="extern\include\eigen\SparseCore\SparseRef.h">
      <Filter>Header Files</Filter>
    </ClInclude>
    <ClInclude Include="extern\include\eigen\SparseCore\SparseSelfAdjointView.h">
      <Filter>Header Files</Filter>
    </ClInclude>
    <ClInclude Include="extern\include\eigen\SparseCore\SparseSolverBase.h">
      <Filter>Header Files</Filter>
    </ClInclude>
    <ClInclude Include="extern\include\eigen\SparseCore\SparseSparseProductWithPruning.h">
      <Filter>Header Files</Filter>
    </ClInclude>
    <ClInclude Include="extern\include\eigen\SparseCore\SparseTranspose.h">
      <Filter>Header Files</Filter>
    </ClInclude>
    <ClInclude Include="extern\include\eigen\SparseCore\SparseTriangularView.h">
      <Filter>Header Files</Filter>
    </ClInclude>
    <ClInclude Include="extern\include\eigen\SparseCore\SparseUtil.h">
      <Filter>Header Files</Filter>
    </ClInclude>
    <ClInclude Include="extern\include\eigen\SparseCore\SparseVector.h">
      <Filter>Header Files</Filter>
    </ClInclude>
    <ClInclude Include="extern\include\eigen\SparseCore\SparseView.h">
      <Filter>Header Files</Filter>
    </ClInclude>
    <ClInclude Include="extern\include\eigen\SparseCore\TriangularSolver.h">
      <Filter>Header Files</Filter>
    </ClInclude>
    <ClInclude Include="extern\include\eigen\SparseLU\SparseLU.h">
      <Filter>Header Files</Filter>
    </ClInclude>
    <ClInclude Include="extern\include\eigen\SparseLU\SparseLU_column_bmod.h">
      <Filter>Header Files</Filter>
    </ClInclude>
    <ClInclude Include="extern\include\eigen\SparseLU\SparseLU_column_dfs.h">
      <Filter>Header Files</Filter>
    </ClInclude>
    <ClInclude Include="extern\include\eigen\SparseLU\SparseLU_copy_to_ucol.h">
      <Filter>Header Files</Filter>
    </ClInclude>
    <ClInclude Include="extern\include\eigen\SparseLU\SparseLU_gemm_kernel.h">
      <Filter>Header Files</Filter>
    </ClInclude>
    <ClInclude Include="extern\include\eigen\SparseLU\SparseLU_heap_relax_snode.h">
      <Filter>Header Files</Filter>
    </ClInclude>
    <ClInclude Include="extern\include\eigen\SparseLU\SparseLU_kernel_bmod.h">
      <Filter>Header Files</Filter>
    </ClInclude>
    <ClInclude Include="extern\include\eigen\SparseLU\SparseLU_Memory.h">
      <Filter>Header Files</Filter>
    </ClInclude>
    <ClInclude Include="extern\include\eigen\SparseLU\SparseLU_panel_bmod.h">
      <Filter>Header Files</Filter>
    </ClInclude>
    <ClInclude Include="extern\include\eigen\SparseLU\SparseLU_panel_dfs.h">
      <Filter>Header Files</Filter>
    </ClInclude>
    <ClInclude Include="extern\include\eigen\SparseLU\SparseLU_pivotL.h">
      <Filter>Header Files</Filter>
    </ClInclude>
    <ClInclude Include="extern\include\eigen\SparseLU\SparseLU_pruneL.h">
      <Filter>Header Files</Filter>
    </ClInclude>
    <ClInclude Include="extern\include\eigen\SparseLU\SparseLU_relax_snode.h">
      <Filter>Header Files</Filter>
    </ClInclude>
    <ClInclude Include="extern\include\eigen\SparseLU\SparseLU_Structs.h">
      <Filter>Header Files</Filter>
    </ClInclude>
    <ClInclude Include="extern\include\eigen\SparseLU\SparseLU_SupernodalMatrix.h">
      <Filter>Header Files</Filter>
    </ClInclude>
    <ClInclude Include="extern\include\eigen\SparseLU\SparseLU_Utils.h">
      <Filter>Header Files</Filter>
    </ClInclude>
    <ClInclude Include="extern\include\eigen\SparseLU\SparseLUImpl.h">
      <Filter>Header Files</Filter>
    </ClInclude>
    <ClInclude Include="extern\include\eigen\SparseQR\SparseQR.h">
      <Filter>Header Files</Filter>
    </ClInclude>
    <ClInclude Include="extern\include\eigen\SPQRSupport\SuiteSparseQRSupport.h">
      <Filter>Header Files</Filter>
    </ClInclude>
    <ClInclude Include="extern\include\eigen\StlSupport\details.h">
      <Filter>Header Files</Filter>
    </ClInclude>
    <ClInclude Include="extern\include\eigen\StlSupport\StdDeque.h">
      <Filter>Header Files</Filter>
    </ClInclude>
    <ClInclude Include="extern\include\eigen\StlSupport\StdList.h">
      <Filter>Header Files</Filter>
    </ClInclude>
    <ClInclude Include="extern\include\eigen\StlSupport\StdVector.h">
      <Filter>Header Files</Filter>
    </ClInclude>
    <ClInclude Include="extern\include\eigen\SuperLUSupport\SuperLUSupport.h">
      <Filter>Header Files</Filter>
    </ClInclude>
    <ClInclude Include="extern\include\eigen\SVD\BDCSVD.h">
      <Filter>Header Files</Filter>
    </ClInclude>
    <ClInclude Include="extern\include\eigen\SVD\JacobiSVD.h">
      <Filter>Header Files</Filter>
    </ClInclude>
    <ClInclude Include="extern\include\eigen\SVD\JacobiSVD_LAPACKE.h">
      <Filter>Header Files</Filter>
    </ClInclude>
    <ClInclude Include="extern\include\eigen\SVD\SVDBase.h">
      <Filter>Header Files</Filter>
    </ClInclude>
    <ClInclude Include="extern\include\eigen\SVD\UpperBidiagonalization.h">
      <Filter>Header Files</Filter>
    </ClInclude>
    <ClInclude Include="extern\include\eigen\UmfPackSupport\UmfPackSupport.h">
      <Filter>Header Files</Filter>
    </ClInclude>
    <ClInclude Include="extern\include\CLmg\CImg.h">
      <Filter>Header Files</Filter>
    </ClInclude>
    <ClInclude Include="include\renderer\Imager.h">
      <Filter>Header Files</Filter>
    </ClInclude>
    <ClInclude Include="include\renderer\IntersectData.h">
      <Filter>Header Files</Filter>
    </ClInclude>
    <ClInclude Include="include\prims\Triangle.h">
      <Filter>Header Files</Filter>
    </ClInclude>
  </ItemGroup>
  <ItemGroup>
    <ClCompile Include="src\prims\Plane.cpp">
      <Filter>Source Files</Filter>
    </ClCompile>
    <ClCompile Include="src\prims\Sphere.cpp">
      <Filter>Source Files</Filter>
    </ClCompile>
    <ClCompile Include="src\prims\Object.cpp">
      <Filter>Source Files</Filter>
    </ClCompile>
    <ClCompile Include="src\renderer\World.cpp">
      <Filter>Source Files</Filter>
    </ClCompile>
    <ClCompile Include="src\renderer\Vector.cpp">
      <Filter>Source Files</Filter>
    </ClCompile>
    <ClCompile Include="src\renderer\Ray.cpp">
      <Filter>Source Files</Filter>
    </ClCompile>
    <ClCompile Include="src\renderer\Point.cpp">
      <Filter>Source Files</Filter>
    </ClCompile>
    <ClCompile Include="src\renderer\Matrix.cpp">
      <Filter>Source Files</Filter>
    </ClCompile>
    <ClCompile Include="src\renderer\Camera.cpp">
      <Filter>Source Files</Filter>
    </ClCompile>
    <ClCompile Include="src\Raytracer.cpp">
      <Filter>Source Files</Filter>
    </ClCompile>
    <ClCompile Include="src\renderer\Imager.cpp">
      <Filter>Source Files</Filter>
    </ClCompile>
    <ClCompile Include="src\prims\Triangle.cpp">
      <Filter>Source Files</Filter>
    </ClCompile>
  </ItemGroup>
</Project>